
Microsoft Visual Studio Solution File, Format Version 12.00
# Visual Studio Version 17
VisualStudioVersion = 17.0.32014.148
MinimumVisualStudioVersion = 10.0.40219.1
Project("{FAE04EC0-301F-11D3-BF4B-00C04F79EFBC}") = "ProjetosCurso", "ProjetosCurso\ProjetosCurso.csproj", "{57423BD2-D7E5-41E7-A12B-ADCADCAA504B}"
EndProject
Global
	GlobalSection(SolutionConfigurationPlatforms) = preSolution
		Debug|Any CPU = Debug|Any CPU
		Release|Any CPU = Release|Any CPU
	EndGlobalSection
	GlobalSection(ProjectConfigurationPlatforms) = postSolution
		{57423BD2-D7E5-41E7-A12B-ADCADCAA504B}.Debug|Any CPU.ActiveCfg = Debug|Any CPU
		{57423BD2-D7E5-41E7-A12B-ADCADCAA504B}.Debug|Any CPU.Build.0 = Debug|Any CPU
		{57423BD2-D7E5-41E7-A12B-ADCADCAA504B}.Release|Any CPU.ActiveCfg = Release|Any CPU
		{57423BD2-D7E5-41E7-A12B-ADCADCAA504B}.Release|Any CPU.Build.0 = Release|Any CPU
	EndGlobalSection
	GlobalSection(SolutionProperties) = preSolution
		HideSolutionNode = FALSE
	EndGlobalSection
	GlobalSection(ExtensibilityGlobals) = postSolution
		SolutionGuid = {1082ED1F-5CAA-4CC7-9E70-E1FFF0F644BB}
	EndGlobalSection
EndGlobal
